
Microsoft Visual Studio Solution File, Format Version 12.00
# Visual Studio Version 16
VisualStudioVersion = 16.0.31313.79
MinimumVisualStudioVersion = 10.0.40219.1
Project("{8BC9CEB8-8B4A-11D0-8D11-00A0C91BC942}") = "实验08_图及其存储", "实验08_图及其存储\实验08_图及其存储.vcxproj", "{B6F6D640-7906-402A-BDF1-8AC9E0FC045E}"
EndProject
Global
	GlobalSection(SolutionConfigurationPlatforms) = preSolution
		Debug|x64 = Debug|x64
		Debug|x86 = Debug|x86
		Release|x64 = Release|x64
		Release|x86 = Release|x86
	EndGlobalSection
	GlobalSection(ProjectConfigurationPlatforms) = postSolution
		{B6F6D640-7906-402A-BDF1-8AC9E0FC045E}.Debug|x64.ActiveCfg = Debug|x64
		{B6F6D640-7906-402A-BDF1-8AC9E0FC045E}.Debug|x64.Build.0 = Debug|x64
		{B6F6D640-7906-402A-BDF1-8AC9E0FC045E}.Debug|x86.ActiveCfg = Debug|Win32
		{B6F6D640-7906-402A-BDF1-8AC9E0FC045E}.Debug|x86.Build.0 = Debug|Win32
		{B6F6D640-7906-402A-BDF1-8AC9E0FC045E}.Release|x64.ActiveCfg = Release|x64
		{B6F6D640-7906-402A-BDF1-8AC9E0FC045E}.Release|x64.Build.0 = Release|x64
		{B6F6D640-7906-402A-BDF1-8AC9E0FC045E}.Release|x86.ActiveCfg = Release|Win32
		{B6F6D640-7906-402A-BDF1-8AC9E0FC045E}.Release|x86.Build.0 = Release|Win32
	EndGlobalSection
	GlobalSection(SolutionProperties) = preSolution
		HideSolutionNode = FALSE
	EndGlobalSection
	GlobalSection(ExtensibilityGlobals) = postSolution
		SolutionGuid = {9903407B-1D86-404F-BD40-A7080F001E9C}
	EndGlobalSection
EndGlobal
