
Microsoft Visual Studio Solution File, Format Version 12.00
# Visual Studio 2013
VisualStudioVersion = 12.0.21005.1
MinimumVisualStudioVersion = 10.0.40219.1
Project("{8BC9CEB8-8B4A-11D0-8D11-00A0C91BC942}") = "honon_class_2_test", "honon_class_2_test\honon_class_2_test.vcxproj", "{A7170BCE-4A91-4714-9C9E-25AE608F628F}"
EndProject
Global
	GlobalSection(SolutionConfigurationPlatforms) = preSolution
		Debug|Win32 = Debug|Win32
		Release|Win32 = Release|Win32
	EndGlobalSection
	GlobalSection(ProjectConfigurationPlatforms) = postSolution
		{A7170BCE-4A91-4714-9C9E-25AE608F628F}.Debug|Win32.ActiveCfg = Debug|Win32
		{A7170BCE-4A91-4714-9C9E-25AE608F628F}.Debug|Win32.Build.0 = Debug|Win32
		{A7170BCE-4A91-4714-9C9E-25AE608F628F}.Release|Win32.ActiveCfg = Release|Win32
		{A7170BCE-4A91-4714-9C9E-25AE608F628F}.Release|Win32.Build.0 = Release|Win32
	EndGlobalSection
	GlobalSection(SolutionProperties) = preSolution
		HideSolutionNode = FALSE
	EndGlobalSection
EndGlobal
